
Microsoft Visual Studio Solution File, Format Version 9.00
# Visual Studio 2005
Project("{8BC9CEB8-8B4A-11D0-8D11-00A0C91BC942}") = "amr_pack", "amr_pack.vcproj", "{346681EA-3D29-4A4C-9989-CCEA8B2E6659}"
EndProject
Global
	GlobalSection(SolutionConfigurationPlatforms) = preSolution
		Debug|Win32 = Debug|Win32
		Debug-MFCStatic|Win32 = Debug-MFCStatic|Win32
		Release|Win32 = Release|Win32
		Release-MFCStatic|Win32 = Release-MFCStatic|Win32
	EndGlobalSection
	GlobalSection(ProjectConfigurationPlatforms) = postSolution
		{346681EA-3D29-4A4C-9989-CCEA8B2E6659}.Debug|Win32.ActiveCfg = Debug|Win32
		{346681EA-3D29-4A4C-9989-CCEA8B2E6659}.Debug|Win32.Build.0 = Debug|Win32
		{346681EA-3D29-4A4C-9989-CCEA8B2E6659}.Debug-MFCStatic|Win32.ActiveCfg = Debug-MFCStatic|Win32
		{346681EA-3D29-4A4C-9989-CCEA8B2E6659}.Debug-MFCStatic|Win32.Build.0 = Debug-MFCStatic|Win32
		{346681EA-3D29-4A4C-9989-CCEA8B2E6659}.Release|Win32.ActiveCfg = Release|Win32
		{346681EA-3D29-4A4C-9989-CCEA8B2E6659}.Release|Win32.Build.0 = Release|Win32
		{346681EA-3D29-4A4C-9989-CCEA8B2E6659}.Release-MFCStatic|Win32.ActiveCfg = Release-MFCStatic|Win32
		{346681EA-3D29-4A4C-9989-CCEA8B2E6659}.Release-MFCStatic|Win32.Build.0 = Release-MFCStatic|Win32
	EndGlobalSection
	GlobalSection(SolutionProperties) = preSolution
		HideSolutionNode = FALSE
	EndGlobalSection
EndGlobal
